lockfileVersion: '6.0'

settings:
  autoInstallPeers: true
  excludeLinksFromLockfile: false

dependencies:
  react-icons:
    specifier: ^5.1.0
    version: 5.1.0(react@18.2.0)
  react-router-dom:
    specifier: ^6.23.0
    version: 6.23.0(react-dom@18.3.1)(react@18.2.0)

packages:

  /@remix-run/router@1.16.0:
    resolution: {integrity: sha512-Quz1KOffeEf/zwkCBM3kBtH4ZoZ+pT3xIXBG4PPW/XFtDP7EGhtTiC2+gpL9GnR7+Qdet5Oa6cYSvwKYg6kN9Q==}
    engines: {node: '>=14.0.0'}
    dev: false

  /js-tokens@4.0.0:
    resolution: {integrity: sha512-RdJUflcE3cUzKiMqQgsCu06FPu9UdIJO0beYbPhHN4k6apgJtifcoCtT9bcxOpYBtpD2kCM6Sbzg4CausW/PKQ==}
    dev: false

  /loose-envify@1.4.0:
    resolution: {integrity: sha512-lyuxPGr/Wfhrlem2CL/UcnUc1zcqKAImBDzukY7Y5F/yQiNdko6+fRLevlw1HgMySw7f611UIY408EtxRSoK3Q==}
    hasBin: true
    dependencies:
      js-tokens: 4.0.0
    dev: false

  /react-dom@18.3.1(react@18.2.0):
    resolution: {integrity: sha512-5m4nQKp+rZRb09LNH59GM4BxTh9251/ylbKIbpe7TpGxfJ+9kv6BLkLBXIjjspbgbnIBNqlI23tRnTWT0snUIw==}
    peerDependencies:
      react: ^18.3.1
    dependencies:
      loose-envify: 1.4.0
      react: 18.2.0
      scheduler: 0.23.2
    dev: false

  /react-icons@5.1.0(react@18.2.0):
    resolution: {integrity: sha512-D3zug1270S4hbSlIRJ0CUS97QE1yNNKDjzQe3HqY0aefp2CBn9VgzgES27sRR2gOvFK+0CNx/BW0ggOESp6fqQ==}
    peerDependencies:
      react: '*'
    dependencies:
      react: 18.2.0
    dev: false

  /react-router-dom@6.23.0(react-dom@18.3.1)(react@18.2.0):
    resolution: {integrity: sha512-Q9YaSYvubwgbal2c9DJKfx6hTNoBp3iJDsl+Duva/DwxoJH+OTXkxGpql4iUK2sla/8z4RpjAm6EWx1qUDuopQ==}
    engines: {node: '>=14.0.0'}
    peerDependencies:
      react: '>=16.8'
      react-dom: '>=16.8'
    dependencies:
      '@remix-run/router': 1.16.0
      react: 18.2.0
      react-dom: 18.3.1(react@18.2.0)
      react-router: 6.23.0(react@18.2.0)
    dev: false

  /react-router@6.23.0(react@18.2.0):
    resolution: {integrity: sha512-wPMZ8S2TuPadH0sF5irFGjkNLIcRvOSaEe7v+JER8508dyJumm6XZB1u5kztlX0RVq6AzRVndzqcUh6sFIauzA==}
    engines: {node: '>=14.0.0'}
    peerDependencies:
      react: '>=16.8'
    dependencies:
      '@remix-run/router': 1.16.0
      react: 18.2.0
    dev: false

  /react@18.2.0:
    resolution: {integrity: sha512-/3IjMdb2L9QbBdWiW5e3P2/npwMBaU9mHCSCUzNln0ZCYbcfTsGbTJrU/kGemdH2IWmB2ioZ+zkxtmq6g09fGQ==}
    engines: {node: '>=0.10.0'}
    dependencies:
      loose-envify: 1.4.0
    dev: false

  /scheduler@0.23.2:
    resolution: {integrity: sha512-UOShsPwz7NrMUqhR6t0hWjFduvOzbtv7toDH1/hIrfRNIDBnnBWd0CwJTGvTpngVlmwGCdP9/Zl/tVrDqcuYzQ==}
    dependencies:
      loose-envify: 1.4.0
    dev: false
